
Microsoft Visual Studio Solution File, Format Version 12.00
# Visual Studio Version 16
VisualStudioVersion = 16.0.30523.141
MinimumVisualStudioVersion = 10.0.40219.1
Project("{FAE04EC0-301F-11D3-BF4B-00C04F79EFBC}") = "examen.UWP", "examen.UWP\examen.UWP.csproj", "{336F52AA-C90D-4015-8CC1-37F11FEE2585}"
EndProject
Project("{FAE04EC0-301F-11D3-BF4B-00C04F79EFBC}") = "examen.Android", "examen.Android\examen.Android.csproj", "{8F60009A-AA79-4E10-949B-DB8A0781337C}"
EndProject
Project("{FAE04EC0-301F-11D3-BF4B-00C04F79EFBC}") = "examen.iOS", "examen.iOS\examen.iOS.csproj", "{315D601A-BF9A-4A19-B8BC-B45BE0F3E09F}"
EndProject
Project("{FAE04EC0-301F-11D3-BF4B-00C04F79EFBC}") = "examen", "examen\examen.csproj", "{B91B115D-D356-481B-AA64-4776E7394329}"
EndProject
Global
	GlobalSection(SolutionConfigurationPlatforms) = preSolution
		Debug|Any CPU = Debug|Any CPU
		Debug|ARM = Debug|ARM
		Debug|iPhone = Debug|iPhone
		Debug|iPhoneSimulator = Debug|iPhoneSimulator
		Debug|x64 = Debug|x64
		Debug|x86 = Debug|x86
		Release|Any CPU = Release|Any CPU
		Release|ARM = Release|ARM
		Release|iPhone = Release|iPhone
		Release|iPhoneSimulator = Release|iPhoneSimulator
		Release|x64 = Release|x64
		Release|x86 = Release|x86
	EndGlobalSection
	GlobalSection(ProjectConfigurationPlatforms) = postSolution
		{336F52AA-C90D-4015-8CC1-37F11FEE2585}.Debug|Any CPU.ActiveCfg = Debug|x86
		{336F52AA-C90D-4015-8CC1-37F11FEE2585}.Debug|Any CPU.Build.0 = Debug|x86
		{336F52AA-C90D-4015-8CC1-37F11FEE2585}.Debug|Any CPU.Deploy.0 = Debug|x86
		{336F52AA-C90D-4015-8CC1-37F11FEE2585}.Debug|ARM.ActiveCfg = Debug|ARM
		{336F52AA-C90D-4015-8CC1-37F11FEE2585}.Debug|ARM.Build.0 = Debug|ARM
		{336F52AA-C90D-4015-8CC1-37F11FEE2585}.Debug|ARM.Deploy.0 = Debug|ARM
		{336F52AA-C90D-4015-8CC1-37F11FEE2585}.Debug|iPhone.ActiveCfg = Debug|x86
		{336F52AA-C90D-4015-8CC1-37F11FEE2585}.Debug|iPhone.Build.0 = Debug|x86
		{336F52AA-C90D-4015-8CC1-37F11FEE2585}.Debug|iPhone.Deploy.0 = Debug|x86
		{336F52AA-C90D-4015-8CC1-37F11FEE2585}.Debug|iPhoneSimulator.ActiveCfg = Debug|x86
		{336F52AA-C90D-4015-8CC1-37F11FEE2585}.Debug|iPhoneSimulator.Build.0 = Debug|x86
		{336F52AA-C90D-4015-8CC1-37F11FEE2585}.Debug|iPhoneSimulator.Deploy.0 = Debug|x86
		{336F52AA-C90D-4015-8CC1-37F11FEE2585}.Debug|x64.ActiveCfg = Debug|x64
		{336F52AA-C90D-4015-8CC1-37F11FEE2585}.Debug|x64.Build.0 = Debug|x64
		{336F52AA-C90D-4015-8CC1-37F11FEE2585}.Debug|x64.Deploy.0 = Debug|x64
		{336F52AA-C90D-4015-8CC1-37F11FEE2585}.Debug|x86.ActiveCfg = Debug|x86
		{336F52AA-C90D-4015-8CC1-37F11FEE2585}.Debug|x86.Build.0 = Debug|x86
		{336F52AA-C90D-4015-8CC1-37F11FEE2585}.Debug|x86.Deploy.0 = Debug|x86
		{336F52AA-C90D-4015-8CC1-37F11FEE2585}.Release|Any CPU.ActiveCfg = Release|x86
		{336F52AA-C90D-4015-8CC1-37F11FEE2585}.Release|Any CPU.Build.0 = Release|x86
		{336F52AA-C90D-4015-8CC1-37F11FEE2585}.Release|Any CPU.Deploy.0 = Release|x86
		{336F52AA-C90D-4015-8CC1-37F11FEE2585}.Release|ARM.ActiveCfg = Release|ARM
		{336F52AA-C90D-4015-8CC1-37F11FEE2585}.Release|ARM.Build.0 = Release|ARM
		{336F52AA-C90D-4015-8CC1-37F11FEE2585}.Release|ARM.Deploy.0 = Release|ARM
		{336F52AA-C90D-4015-8CC1-37F11FEE2585}.Release|iPhone.ActiveCfg = Release|x86
		{336F52AA-C90D-4015-8CC1-37F11FEE2585}.Release|iPhone.Build.0 = Release|x86
		{336F52AA-C90D-4015-8CC1-37F11FEE2585}.Release|iPhone.Deploy.0 = Release|x86
		{336F52AA-C90D-4015-8CC1-37F11FEE2585}.Release|iPhoneSimulator.ActiveCfg = Release|x86
		{336F52AA-C90D-4015-8CC1-37F11FEE2585}.Release|iPhoneSimulator.Build.0 = Release|x86
		{336F52AA-C90D-4015-8CC1-37F11FEE2585}.Release|iPhoneSimulator.Deploy.0 = Release|x86
		{336F52AA-C90D-4015-8CC1-37F11FEE2585}.Release|x64.ActiveCfg = Release|x64
		{336F52AA-C90D-4015-8CC1-37F11FEE2585}.Release|x64.Build.0 = Release|x64
		{336F52AA-C90D-4015-8CC1-37F11FEE2585}.Release|x64.Deploy.0 = Release|x64
		{336F52AA-C90D-4015-8CC1-37F11FEE2585}.Release|x86.ActiveCfg = Release|x86
		{336F52AA-C90D-4015-8CC1-37F11FEE2585}.Release|x86.Build.0 = Release|x86
		{336F52AA-C90D-4015-8CC1-37F11FEE2585}.Release|x86.Deploy.0 = Release|x86
		{8F60009A-AA79-4E10-949B-DB8A0781337C}.Debug|Any CPU.ActiveCfg = Debug|Any CPU
		{8F60009A-AA79-4E10-949B-DB8A0781337C}.Debug|Any CPU.Build.0 = Debug|Any CPU
		{8F60009A-AA79-4E10-949B-DB8A0781337C}.Debug|Any CPU.Deploy.0 = Debug|Any CPU
		{8F60009A-AA79-4E10-949B-DB8A0781337C}.Debug|ARM.ActiveCfg = Debug|Any CPU
		{8F60009A-AA79-4E10-949B-DB8A0781337C}.Debug|ARM.Build.0 = Debug|Any CPU
		{8F60009A-AA79-4E10-949B-DB8A0781337C}.Debug|ARM.Deploy.0 = Debug|Any CPU
		{8F60009A-AA79-4E10-949B-DB8A0781337C}.Debug|iPhone.ActiveCfg = Debug|Any CPU
		{8F60009A-AA79-4E10-949B-DB8A0781337C}.Debug|iPhone.Build.0 = Debug|Any CPU
		{8F60009A-AA79-4E10-949B-DB8A0781337C}.Debug|iPhone.Deploy.0 = Debug|Any CPU
		{8F60009A-AA79-4E10-949B-DB8A0781337C}.Debug|iPhoneSimulator.ActiveCfg = Debug|Any CPU
		{8F60009A-AA79-4E10-949B-DB8A0781337C}.Debug|iPhoneSimulator.Build.0 = Debug|Any CPU
		{8F60009A-AA79-4E10-949B-DB8A0781337C}.Debug|iPhoneSimulator.Deploy.0 = Debug|Any CPU
		{8F60009A-AA79-4E10-949B-DB8A0781337C}.Debug|x64.ActiveCfg = Debug|Any CPU
		{8F60009A-AA79-4E10-949B-DB8A0781337C}.Debug|x64.Build.0 = Debug|Any CPU
		{8F60009A-AA79-4E10-949B-DB8A0781337C}.Debug|x64.Deploy.0 = Debug|Any CPU
		{8F60009A-AA79-4E10-949B-DB8A0781337C}.Debug|x86.ActiveCfg = Debug|Any CPU
		{8F60009A-AA79-4E10-949B-DB8A0781337C}.Debug|x86.Build.0 = Debug|Any CPU
		{8F60009A-AA79-4E10-949B-DB8A0781337C}.Debug|x86.Deploy.0 = Debug|Any CPU
		{8F60009A-AA79-4E10-949B-DB8A0781337C}.Release|Any CPU.ActiveCfg = Release|Any CPU
		{8F60009A-AA79-4E10-949B-DB8A0781337C}.Release|Any CPU.Build.0 = Release|Any CPU
		{8F60009A-AA79-4E10-949B-DB8A0781337C}.Release|Any CPU.Deploy.0 = Release|Any CPU
		{8F60009A-AA79-4E10-949B-DB8A0781337C}.Release|ARM.ActiveCfg = Release|Any CPU
		{8F60009A-AA79-4E10-949B-DB8A0781337C}.Release|ARM.Build.0 = Release|Any CPU
		{8F60009A-AA79-4E10-949B-DB8A0781337C}.Release|ARM.Deploy.0 = Release|Any CPU
		{8F60009A-AA79-4E10-949B-DB8A0781337C}.Release|iPhone.ActiveCfg = Release|Any CPU
		{8F60009A-AA79-4E10-949B-DB8A0781337C}.Release|iPhone.Build.0 = Release|Any CPU
		{8F60009A-AA79-4E10-949B-DB8A0781337C}.Release|iPhone.Deploy.0 = Release|Any CPU
		{8F60009A-AA79-4E10-949B-DB8A0781337C}.Release|iPhoneSimulator.ActiveCfg = Release|Any CPU
		{8F60009A-AA79-4E10-949B-DB8A0781337C}.Release|iPhoneSimulator.Build.0 = Release|Any CPU
		{8F60009A-AA79-4E10-949B-DB8A0781337C}.Release|iPhoneSimulator.Deploy.0 = Release|Any CPU
		{8F60009A-AA79-4E10-949B-DB8A0781337C}.Release|x64.ActiveCfg = Release|Any CPU
		{8F60009A-AA79-4E10-949B-DB8A0781337C}.Release|x64.Build.0 = Release|Any CPU
		{8F60009A-AA79-4E10-949B-DB8A0781337C}.Release|x64.Deploy.0 = Release|Any CPU
		{8F60009A-AA79-4E10-949B-DB8A0781337C}.Release|x86.ActiveCfg = Release|Any CPU
		{8F60009A-AA79-4E10-949B-DB8A0781337C}.Release|x86.Build.0 = Release|Any CPU
		{8F60009A-AA79-4E10-949B-DB8A0781337C}.Release|x86.Deploy.0 = Release|Any CPU
		{315D601A-BF9A-4A19-B8BC-B45BE0F3E09F}.Debug|Any CPU.ActiveCfg = Debug|iPhoneSimulator
		{315D601A-BF9A-4A19-B8BC-B45BE0F3E09F}.Debug|Any CPU.Build.0 = Debug|iPhoneSimulator
		{315D601A-BF9A-4A19-B8BC-B45BE0F3E09F}.Debug|Any CPU.Deploy.0 = Debug|iPhoneSimulator
		{315D601A-BF9A-4A19-B8BC-B45BE0F3E09F}.Debug|ARM.ActiveCfg = Debug|iPhone
		{315D601A-BF9A-4A19-B8BC-B45BE0F3E09F}.Debug|ARM.Build.0 = Debug|iPhone
		{315D601A-BF9A-4A19-B8BC-B45BE0F3E09F}.Debug|ARM.Deploy.0 = Debug|iPhone
		{315D601A-BF9A-4A19-B8BC-B45BE0F3E09F}.Debug|iPhone.ActiveCfg = Debug|iPhone
		{315D601A-BF9A-4A19-B8BC-B45BE0F3E09F}.Debug|iPhone.Build.0 = Debug|iPhone
		{315D601A-BF9A-4A19-B8BC-B45BE0F3E09F}.Debug|iPhone.Deploy.0 = Debug|iPhone
		{315D601A-BF9A-4A19-B8BC-B45BE0F3E09F}.Debug|iPhoneSimulator.ActiveCfg = Debug|iPhoneSimulator
		{315D601A-BF9A-4A19-B8BC-B45BE0F3E09F}.Debug|iPhoneSimulator.Build.0 = Debug|iPhoneSimulator
		{315D601A-BF9A-4A19-B8BC-B45BE0F3E09F}.Debug|iPhoneSimulator.Deploy.0 = Debug|iPhoneSimulator
		{315D601A-BF9A-4A19-B8BC-B45BE0F3E09F}.Debug|x64.ActiveCfg = Debug|iPhoneSimulator
		{315D601A-BF9A-4A19-B8BC-B45BE0F3E09F}.Debug|x64.Build.0 = Debug|iPhoneSimulator
		{315D601A-BF9A-4A19-B8BC-B45BE0F3E09F}.Debug|x64.Deploy.0 = Debug|iPhoneSimulator
		{315D601A-BF9A-4A19-B8BC-B45BE0F3E09F}.Debug|x86.ActiveCfg = Debug|iPhoneSimulator
		{315D601A-BF9A-4A19-B8BC-B45BE0F3E09F}.Debug|x86.Build.0 = Debug|iPhoneSimulator
		{315D601A-BF9A-4A19-B8BC-B45BE0F3E09F}.Debug|x86.Deploy.0 = Debug|iPhoneSimulator
		{315D601A-BF9A-4A19-B8BC-B45BE0F3E09F}.Release|Any CPU.ActiveCfg = Release|iPhoneSimulator
		{315D601A-BF9A-4A19-B8BC-B45BE0F3E09F}.Release|Any CPU.Build.0 = Release|iPhoneSimulator
		{315D601A-BF9A-4A19-B8BC-B45BE0F3E09F}.Release|Any CPU.Deploy.0 = Release|iPhoneSimulator
		{315D601A-BF9A-4A19-B8BC-B45BE0F3E09F}.Release|ARM.ActiveCfg = Release|iPhoneSimulator
		{315D601A-BF9A-4A19-B8BC-B45BE0F3E09F}.Release|ARM.Build.0 = Release|iPhoneSimulator
		{315D601A-BF9A-4A19-B8BC-B45BE0F3E09F}.Release|ARM.Deploy.0 = Release|iPhoneSimulator
		{315D601A-BF9A-4A19-B8BC-B45BE0F3E09F}.Release|iPhone.ActiveCfg = Release|iPhone
		{315D601A-BF9A-4A19-B8BC-B45BE0F3E09F}.Release|iPhone.Build.0 = Release|iPhone
		{315D601A-BF9A-4A19-B8BC-B45BE0F3E09F}.Release|iPhone.Deploy.0 = Release|iPhone
		{315D601A-BF9A-4A19-B8BC-B45BE0F3E09F}.Release|iPhoneSimulator.ActiveCfg = Release|iPhoneSimulator
		{315D601A-BF9A-4A19-B8BC-B45BE0F3E09F}.Release|iPhoneSimulator.Build.0 = Release|iPhoneSimulator
		{315D601A-BF9A-4A19-B8BC-B45BE0F3E09F}.Release|iPhoneSimulator.Deploy.0 = Release|iPhoneSimulator
		{315D601A-BF9A-4A19-B8BC-B45BE0F3E09F}.Release|x64.ActiveCfg = Release|iPhoneSimulator
		{315D601A-BF9A-4A19-B8BC-B45BE0F3E09F}.Release|x64.Build.0 = Release|iPhoneSimulator
		{315D601A-BF9A-4A19-B8BC-B45BE0F3E09F}.Release|x64.Deploy.0 = Release|iPhoneSimulator
		{315D601A-BF9A-4A19-B8BC-B45BE0F3E09F}.Release|x86.ActiveCfg = Release|iPhoneSimulator
		{315D601A-BF9A-4A19-B8BC-B45BE0F3E09F}.Release|x86.Build.0 = Release|iPhoneSimulator
		{315D601A-BF9A-4A19-B8BC-B45BE0F3E09F}.Release|x86.Deploy.0 = Release|iPhoneSimulator
		{B91B115D-D356-481B-AA64-4776E7394329}.Debug|Any CPU.ActiveCfg = Debug|Any CPU
		{B91B115D-D356-481B-AA64-4776E7394329}.Debug|Any CPU.Build.0 = Debug|Any CPU
		{B91B115D-D356-481B-AA64-4776E7394329}.Debug|Any CPU.Deploy.0 = Debug|Any CPU
		{B91B115D-D356-481B-AA64-4776E7394329}.Debug|ARM.ActiveCfg = Debug|Any CPU
		{B91B115D-D356-481B-AA64-4776E7394329}.Debug|ARM.Build.0 = Debug|Any CPU
		{B91B115D-D356-481B-AA64-4776E7394329}.Debug|ARM.Deploy.0 = Debug|Any CPU
		{B91B115D-D356-481B-AA64-4776E7394329}.Debug|iPhone.ActiveCfg = Debug|Any CPU
		{B91B115D-D356-481B-AA64-4776E7394329}.Debug|iPhone.Build.0 = Debug|Any CPU
		{B91B115D-D356-481B-AA64-4776E7394329}.Debug|iPhone.Deploy.0 = Debug|Any CPU
		{B91B115D-D356-481B-AA64-4776E7394329}.Debug|iPhoneSimulator.ActiveCfg = Debug|Any CPU
		{B91B115D-D356-481B-AA64-4776E7394329}.Debug|iPhoneSimulator.Build.0 = Debug|Any CPU
		{B91B115D-D356-481B-AA64-4776E7394329}.Debug|iPhoneSimulator.Deploy.0 = Debug|Any CPU
		{B91B115D-D356-481B-AA64-4776E7394329}.Debug|x64.ActiveCfg = Debug|Any CPU
		{B91B115D-D356-481B-AA64-4776E7394329}.Debug|x64.Build.0 = Debug|Any CPU
		{B91B115D-D356-481B-AA64-4776E7394329}.Debug|x64.Deploy.0 = Debug|Any CPU
		{B91B115D-D356-481B-AA64-4776E7394329}.Debug|x86.ActiveCfg = Debug|Any CPU
		{B91B115D-D356-481B-AA64-4776E7394329}.Debug|x86.Build.0 = Debug|Any CPU
		{B91B115D-D356-481B-AA64-4776E7394329}.Debug|x86.Deploy.0 = Debug|Any CPU
		{B91B115D-D356-481B-AA64-4776E7394329}.Release|Any CPU.ActiveCfg = Release|Any CPU
		{B91B115D-D356-481B-AA64-4776E7394329}.Release|Any CPU.Build.0 = Release|Any CPU
		{B91B115D-D356-481B-AA64-4776E7394329}.Release|Any CPU.Deploy.0 = Release|Any CPU
		{B91B115D-D356-481B-AA64-4776E7394329}.Release|ARM.ActiveCfg = Release|Any CPU
		{B91B115D-D356-481B-AA64-4776E7394329}.Release|ARM.Build.0 = Release|Any CPU
		{B91B115D-D356-481B-AA64-4776E7394329}.Release|ARM.Deploy.0 = Release|Any CPU
		{B91B115D-D356-481B-AA64-4776E7394329}.Release|iPhone.ActiveCfg = Release|Any CPU
		{B91B115D-D356-481B-AA64-4776E7394329}.Release|iPhone.Build.0 = Release|Any CPU
		{B91B115D-D356-481B-AA64-4776E7394329}.Release|iPhone.Deploy.0 = Release|Any CPU
		{B91B115D-D356-481B-AA64-4776E7394329}.Release|iPhoneSimulator.ActiveCfg = Release|Any CPU
		{B91B115D-D356-481B-AA64-4776E7394329}.Release|iPhoneSimulator.Build.0 = Release|Any CPU
		{B91B115D-D356-481B-AA64-4776E7394329}.Release|iPhoneSimulator.Deploy.0 = Release|Any CPU
		{B91B115D-D356-481B-AA64-4776E7394329}.Release|x64.ActiveCfg = Release|Any CPU
		{B91B115D-D356-481B-AA64-4776E7394329}.Release|x64.Build.0 = Release|Any CPU
		{B91B115D-D356-481B-AA64-4776E7394329}.Release|x64.Deploy.0 = Release|Any CPU
		{B91B115D-D356-481B-AA64-4776E7394329}.Release|x86.ActiveCfg = Release|Any CPU
		{B91B115D-D356-481B-AA64-4776E7394329}.Release|x86.Build.0 = Release|Any CPU
		{B91B115D-D356-481B-AA64-4776E7394329}.Release|x86.Deploy.0 = Release|Any CPU
	EndGlobalSection
	GlobalSection(SolutionProperties) = preSolution
		HideSolutionNode = FALSE
	EndGlobalSection
	GlobalSection(ExtensibilityGlobals) = postSolution
		SolutionGuid = {9F6ADB0C-4C95-409B-9C69-C04A9DB9EE53}
	EndGlobalSection
EndGlobal
